
Microsoft Visual Studio Solution File, Format Version 12.00
# Visual Studio Version 17
VisualStudioVersion = 17.1.32414.318
MinimumVisualStudioVersion = 10.0.40219.1
Project("{FAE04EC0-301F-11D3-BF4B-00C04F79EFBC}") = "EXERCICIO3", "EXERCICIO3.csproj", "{C8827FE4-91BC-41D2-8082-FE37D42E37F6}"
EndProject
Global
	GlobalSection(SolutionConfigurationPlatforms) = preSolution
		Debug|Any CPU = Debug|Any CPU
		Release|Any CPU = Release|Any CPU
	EndGlobalSection
	GlobalSection(ProjectConfigurationPlatforms) = postSolution
		{C8827FE4-91BC-41D2-8082-FE37D42E37F6}.Debug|Any CPU.ActiveCfg = Debug|Any CPU
		{C8827FE4-91BC-41D2-8082-FE37D42E37F6}.Debug|Any CPU.Build.0 = Debug|Any CPU
		{C8827FE4-91BC-41D2-8082-FE37D42E37F6}.Release|Any CPU.ActiveCfg = Release|Any CPU
		{C8827FE4-91BC-41D2-8082-FE37D42E37F6}.Release|Any CPU.Build.0 = Release|Any CPU
	EndGlobalSection
	GlobalSection(SolutionProperties) = preSolution
		HideSolutionNode = FALSE
	EndGlobalSection
	GlobalSection(ExtensibilityGlobals) = postSolution
		SolutionGuid = {FA646586-B042-4FC9-8B65-9320015A0357}
	EndGlobalSection
EndGlobal
